// !$*UTF8*$!
{
	archiveVersion = 1;
	classes = {
	};
	objectVersion = 55;
	objects = {

/* Begin PBXBuildFile section */
		9BF2224027E2AA8D00572F1A /* Main.storyboard in Resources */ = {isa = PBXBuildFile; fileRef = 9BF2223E27E2AA8D00572F1A /* Main.storyboard */; };
		C74D890327BEEDBE0078690E /* GoogleService-Info.plist in Resources */ = {isa = PBXBuildFile; fileRef = C74D890227BEEDBE0078690E /* GoogleService-Info.plist */; };
		C7EA997027E1727300A0A6D1 /* MUSSpotifyAPI.swift in Sources */ = {isa = PBXBuildFile; fileRef = C7EA996E27E1727300A0A6D1 /* MUSSpotifyAPI.swift */; };
		C7EA997127E1727300A0A6D1 /* MUSSong.swift in Sources */ = {isa = PBXBuildFile; fileRef = C7EA996F27E1727300A0A6D1 /* MUSSong.swift */; };
		C7EEAD7C27BEEC3E007A7E50 /* AppDelegate.swift in Sources */ = {isa = PBXBuildFile; fileRef = C7EEAD7B27BEEC3E007A7E50 /* AppDelegate.swift */; };
		C7EEAD7E27BEEC3E007A7E50 /* SceneDelegate.swift in Sources */ = {isa = PBXBuildFile; fileRef = C7EEAD7D27BEEC3E007A7E50 /* SceneDelegate.swift */; };
		C7EEAD8027BEEC3E007A7E50 /* ViewController.swift in Sources */ = {isa = PBXBuildFile; fileRef = C7EEAD7F27BEEC3E007A7E50 /* ViewController.swift */; };
		C7EEAD8527BEEC3F007A7E50 /* Assets.xcassets in Resources */ = {isa = PBXBuildFile; fileRef = C7EEAD8427BEEC3F007A7E50 /* Assets.xcassets */; };
		C7EEAD8827BEEC3F007A7E50 /* LaunchScreen.storyboard in Resources */ = {isa = PBXBuildFile; fileRef = C7EEAD8627BEEC3F007A7E50 /* LaunchScreen.storyboard */; };
		F28DE4B327CEE5D800B15225 /* FirebaseFirestore in Frameworks */ = {isa = PBXBuildFile; productRef = F28DE4B227CEE5D800B15225 /* FirebaseFirestore */; };
		F28DE4B527CEE5DF00B15225 /* FirebaseAnalytics in Frameworks */ = {isa = PBXBuildFile; productRef = F28DE4B427CEE5DF00B15225 /* FirebaseAnalytics */; };
		F29EF8AB27E3EA49008BD3D0 /* Main.storyboard in Resources */ = {isa = PBXBuildFile; fileRef = F29EF8AA27E3EA49008BD3D0 /* Main.storyboard */; };
/* End PBXBuildFile section */

/* Begin PBXFileReference section */
		9BF2223F27E2AA8D00572F1A /* Base */ = {isa = PBXFileReference; lastKnownFileType = file.storyboard; name = Base; path = "../../../Desktop/Musicle copy/Musicle/Base.lproj/Main.storyboard"; sourceTree = "<group>"; };
		C74D890227BEEDBE0078690E /* GoogleService-Info.plist */ = {isa = PBXFileReference; fileEncoding = 4; lastKnownFileType = text.plist.xml; path = "GoogleService-Info.plist"; sourceTree = "<group>"; };
		C7EA996E27E1727300A0A6D1 /* MUSSpotifyAPI.swift */ = {isa = PBXFileReference; fileEncoding = 4; lastKnownFileType = sourcecode.swift; name = MUSSpotifyAPI.swift; path = "Musicle/Spotify API/MUSSpotifyAPI.swift"; sourceTree = SOURCE_ROOT; };
		C7EA996F27E1727300A0A6D1 /* MUSSong.swift */ = {isa = PBXFileReference; fileEncoding = 4; lastKnownFileType = sourcecode.swift; name = MUSSong.swift; path = "Musicle/Data Types/MUSSong.swift"; sourceTree = SOURCE_ROOT; };
		C7EEAD7827BEEC3E007A7E50 /* Musicle.app */ = {isa = PBXFileReference; explicitFileType = wrapper.application; includeInIndex = 0; path = Musicle.app; sourceTree = BUILT_PRODUCTS_DIR; };
		C7EEAD7B27BEEC3E007A7E50 /* AppDelegate.swift */ = {isa = PBXFileReference; lastKnownFileType = sourcecode.swift; path = AppDelegate.swift; sourceTree = "<group>"; };
		C7EEAD7D27BEEC3E007A7E50 /* SceneDelegate.swift */ = {isa = PBXFileReference; lastKnownFileType = sourcecode.swift; path = SceneDelegate.swift; sourceTree = "<group>"; };
		C7EEAD7F27BEEC3E007A7E50 /* ViewController.swift */ = {isa = PBXFileReference; lastKnownFileType = sourcecode.swift; path = ViewController.swift; sourceTree = "<group>"; };
		C7EEAD8427BEEC3F007A7E50 /* Assets.xcassets */ = {isa = PBXFileReference; lastKnownFileType = folder.assetcatalog; path = Assets.xcassets; sourceTree = "<group>"; };
		C7EEAD8727BEEC3F007A7E50 /* Base */ = {isa = PBXFileReference; lastKnownFileType = file.storyboard; name = Base; path = Base.lproj/LaunchScreen.storyboard; sourceTree = "<group>"; };
		C7EEAD8927BEEC3F007A7E50 /* Info.plist */ = {isa = PBXFileReference; lastKnownFileType = text.plist.xml; path = Info.plist; sourceTree = "<group>"; };
		F29EF8AA27E3EA49008BD3D0 /* Main.storyboard */ = {isa = PBXFileReference; lastKnownFileType = file.storyboard; path = Main.storyboard; sourceTree = "<group>"; };
/* End PBXFileReference section */

/* Begin PBXFrameworksBuildPhase section */
		C7EEAD7527BEEC3E007A7E50 /* Frameworks */ = {
			isa = PBXFrameworksBuildPhase;
			buildActionMask = 2147483647;
			files = (
				F28DE4B527CEE5DF00B15225 /* FirebaseAnalytics in Frameworks */,
				F28DE4B327CEE5D800B15225 /* FirebaseFirestore in Frameworks */,
			);
			runOnlyForDeploymentPostprocessing = 0;
		};
/* End PBXFrameworksBuildPhase section */

/* Begin PBXGroup section */
		C7EA997227E1727600A0A6D1 /* Data Types */ = {
			isa = PBXGroup;
			children = (
				C7EA996F27E1727300A0A6D1 /* MUSSong.swift */,
			);
			path = "Data Types";
			sourceTree = "<group>";
		};
		C7EA997327E1729400A0A6D1 /* Spotify API */ = {
			isa = PBXGroup;
			children = (
				C7EA996E27E1727300A0A6D1 /* MUSSpotifyAPI.swift */,
			);
			path = "Spotify API";
			sourceTree = "<group>";
		};
		C7EEAD6F27BEEC3E007A7E50 = {
			isa = PBXGroup;
			children = (
				C7EEAD7A27BEEC3E007A7E50 /* Musicle */,
				C7EEAD7927BEEC3E007A7E50 /* Products */,
				F28DE4B127CEE5D800B15225 /* Frameworks */,
				F29EF8A727E3E9AF008BD3D0 /* Recovered References */,
			);
			sourceTree = "<group>";
		};
		C7EEAD7927BEEC3E007A7E50 /* Products */ = {
			isa = PBXGroup;
			children = (
				C7EEAD7827BEEC3E007A7E50 /* Musicle.app */,
			);
			name = Products;
			sourceTree = "<group>";
		};
		C7EEAD7A27BEEC3E007A7E50 /* Musicle */ = {
			isa = PBXGroup;
			children = (
				C7EA997327E1729400A0A6D1 /* Spotify API */,
				C7EA997227E1727600A0A6D1 /* Data Types */,
				C7EEAD7B27BEEC3E007A7E50 /* AppDelegate.swift */,
				C7EEAD7D27BEEC3E007A7E50 /* SceneDelegate.swift */,
				C7EEAD7F27BEEC3E007A7E50 /* ViewController.swift */,
				C7EEAD8427BEEC3F007A7E50 /* Assets.xcassets */,
				F29EF8AA27E3EA49008BD3D0 /* Main.storyboard */,
				C7EEAD8627BEEC3F007A7E50 /* LaunchScreen.storyboard */,
				C7EEAD8927BEEC3F007A7E50 /* Info.plist */,
				C74D890227BEEDBE0078690E /* GoogleService-Info.plist */,
			);
			path = Musicle;
			sourceTree = "<group>";
		};
		F28DE4B127CEE5D800B15225 /* Frameworks */ = {
			isa = PBXGroup;
			children = (
			);
			name = Frameworks;
			sourceTree = "<group>";
		};
		F29EF8A727E3E9AF008BD3D0 /* Recovered References */ = {
			isa = PBXGroup;
			children = (
				9BF2223E27E2AA8D00572F1A /* Main.storyboard */,
			);
			name = "Recovered References";
			sourceTree = "<group>";
		};
/* End PBXGroup section */

/* Begin PBXNativeTarget section */
		C7EEAD7727BEEC3E007A7E50 /* Musicle */ = {
			isa = PBXNativeTarget;
			buildConfigurationList = C7EEAD8C27BEEC3F007A7E50 /* Build configuration list for PBXNativeTarget "Musicle" */;
			buildPhases = (
				C7EEAD7427BEEC3E007A7E50 /* Sources */,
				C7EEAD7527BEEC3E007A7E50 /* Frameworks */,
				C7EEAD7627BEEC3E007A7E50 /* Resources */,
			);
			buildRules = (
			);
			dependencies = (
			);
			name = Musicle;
			packageProductDependencies = (
				F28DE4B227CEE5D800B15225 /* FirebaseFirestore */,
				F28DE4B427CEE5DF00B15225 /* FirebaseAnalytics */,
			);
			productName = Musicle;
			productReference = C7EEAD7827BEEC3E007A7E50 /* Musicle.app */;
			productType = "com.apple.product-type.application";
		};
/* End PBXNativeTarget section */

/* Begin PBXProject section */
		C7EEAD7027BEEC3E007A7E50 /* Project object */ = {
			isa = PBXProject;
			attributes = {
				BuildIndependentTargetsInParallel = 1;
				LastSwiftUpdateCheck = 1320;
				LastUpgradeCheck = 1320;
				TargetAttributes = {
					C7EEAD7727BEEC3E007A7E50 = {
						CreatedOnToolsVersion = 13.2.1;
					};
				};
			};
			buildConfigurationList = C7EEAD7327BEEC3E007A7E50 /* Build configuration list for PBXProject "Musicle" */;
			compatibilityVersion = "Xcode 13.0";
			developmentRegion = en;
			hasScannedForEncodings = 0;
			knownRegions = (
				en,
				Base,
			);
			mainGroup = C7EEAD6F27BEEC3E007A7E50;
			packageReferences = (
				C74D890427BEEF5A0078690E /* XCRemoteSwiftPackageReference "firebase-ios-sdk" */,
			);
			productRefGroup = C7EEAD7927BEEC3E007A7E50 /* Products */;
			projectDirPath = "";
			projectRoot = "";
			targets = (
				C7EEAD7727BEEC3E007A7E50 /* Musicle */,
			);
		};
/* End PBXProject section */

/* Begin PBXResourcesBuildPhase section */
		C7EEAD7627BEEC3E007A7E50 /* Resources */ = {
			isa = PBXResourcesBuildPhase;
			buildActionMask = 2147483647;
			files = (
				C7EEAD8827BEEC3F007A7E50 /* LaunchScreen.storyboard in Resources */,
				F29EF8AB27E3EA49008BD3D0 /* Main.storyboard in Resources */,
				9BF2224027E2AA8D00572F1A /* Main.storyboard in Resources */,
				C74D890327BEEDBE0078690E /* GoogleService-Info.plist in Resources */,
				C7EEAD8527BEEC3F007A7E50 /* Assets.xcassets in Resources */,
			);
			runOnlyForDeploymentPostprocessing = 0;
		};
/* End PBXResourcesBuildPhase section */

/* Begin PBXSourcesBuildPhase section */
		C7EEAD7427BEEC3E007A7E50 /* Sources */ = {
			isa = PBXSourcesBuildPhase;
			buildActionMask = 2147483647;
			files = (
				C7EEAD8027BEEC3E007A7E50 /* ViewController.swift in Sources */,
				C7EEAD7C27BEEC3E007A7E50 /* AppDelegate.swift in Sources */,
				C7EA997127E1727300A0A6D1 /* MUSSong.swift in Sources */,
				C7EEAD7E27BEEC3E007A7E50 /* SceneDelegate.swift in Sources */,
				C7EA997027E1727300A0A6D1 /* MUSSpotifyAPI.swift in Sources */,
			);
			runOnlyForDeploymentPostprocessing = 0;
		};
/* End PBXSourcesBuildPhase section */

/* Begin PBXVariantGroup section */
		9BF2223E27E2AA8D00572F1A /* Main.storyboard */ = {
			isa = PBXVariantGroup;
			children = (
				9BF2223F27E2AA8D00572F1A /* Base */,
			);
			name = Main.storyboard;
			sourceTree = "<group>";
		};
		C7EEAD8627BEEC3F007A7E50 /* LaunchScreen.storyboard */ = {
			isa = PBXVariantGroup;
			children = (
				C7EEAD8727BEEC3F007A7E50 /* Base */,
			);
			name = LaunchScreen.storyboard;
			sourceTree = "<group>";
		};
/* End PBXVariantGroup section */

/* Begin XCBuildConfiguration section */
		C7EEAD8A27BEEC3F007A7E50 /* Debug */ = {
			isa = XCBuildConfiguration;
			buildSettings = {
				ALWAYS_SEARCH_USER_PATHS = NO;
				CLANG_ANALYZER_NONNULL = YES;
				CLANG_ANALYZER_NUMBER_OBJECT_CONVERSION = YES_AGGRESSIVE;
				CLANG_CXX_LANGUAGE_STANDARD = "gnu++17";
				CLANG_CXX_LIBRARY = "libc++";
				CLANG_ENABLE_MODULES = YES;
				CLANG_ENABLE_OBJC_ARC = YES;
				CLANG_ENABLE_OBJC_WEAK = YES;
				CLANG_WARN_BLOCK_CAPTURE_AUTORELEASING = YES;
				CLANG_WARN_BOOL_CONVERSION = YES;
				CLANG_WARN_COMMA = YES;
				CLANG_WARN_CONSTANT_CONVERSION = YES;
				CLANG_WARN_DEPRECATED_OBJC_IMPLEMENTATIONS = YES;
				CLANG_WARN_DIRECT_OBJC_ISA_USAGE = YES_ERROR;
				CLANG_WARN_DOCUMENTATION_COMMENTS = YES;
				CLANG_WARN_EMPTY_BODY = YES;
				CLANG_WARN_ENUM_CONVERSION = YES;
				CLANG_WARN_INFINITE_RECURSION = YES;
				CLANG_WARN_INT_CONVERSION = YES;
				CLANG_WARN_NON_LITERAL_NULL_CONVERSION = YES;
				CLANG_WARN_OBJC_IMPLICIT_RETAIN_SELF = YES;
				CLANG_WARN_OBJC_LITERAL_CONVERSION = YES;
				CLANG_WARN_OBJC_ROOT_CLASS = YES_ERROR;
				CLANG_WARN_QUOTED_INCLUDE_IN_FRAMEWORK_HEADER = YES;
				CLANG_WARN_RANGE_LOOP_ANALYSIS = YES;
				CLANG_WARN_STRICT_PROTOTYPES = YES;
				CLANG_WARN_SUSPICIOUS_MOVE = YES;
				CLANG_WARN_UNGUARDED_AVAILABILITY = YES_AGGRESSIVE;
				CLANG_WARN_UNREACHABLE_CODE = YES;
				CLANG_WARN__DUPLICATE_METHOD_MATCH = YES;
				COPY_PHASE_STRIP = NO;
				DEBUG_INFORMATION_FORMAT = dwarf;
				ENABLE_STRICT_OBJC_MSGSEND = YES;
				ENABLE_TESTABILITY = YES;
				GCC_C_LANGUAGE_STANDARD = gnu11;
				GCC_DYNAMIC_NO_PIC = NO;
				GCC_NO_COMMON_BLOCKS = YES;
				GCC_OPTIMIZATION_LEVEL = 0;
				GCC_PREPROCESSOR_DEFINITIONS = (
					"DEBUG=1",
					"$(inherited)",
				);
				GCC_WARN_64_TO_32_BIT_CONVERSION = YES;
				GCC_WARN_ABOUT_RETURN_TYPE = YES_ERROR;
				GCC_WARN_UNDECLARED_SELECTOR = YES;
				GCC_WARN_UNINITIALIZED_AUTOS = YES_AGGRESSIVE;
				GCC_WARN_UNUSED_FUNCTION = YES;
				GCC_WARN_UNUSED_VARIABLE = YES;
				IPHONEOS_DEPLOYMENT_TARGET = 15.2;
				MTL_ENABLE_DEBUG_INFO = INCLUDE_SOURCE;
				MTL_FAST_MATH = YES;
				ONLY_ACTIVE_ARCH = YES;
				SDKROOT = iphoneos;
				SWIFT_ACTIVE_COMPILATION_CONDITIONS = DEBUG;
				SWIFT_OPTIMIZATION_LEVEL = "-Onone";
			};
			name = Debug;
		};
		C7EEAD8B27BEEC3F007A7E50 /* Release */ = {
			isa = XCBuildConfiguration;
			buildSettings = {
				ALWAYS_SEARCH_USER_PATHS = NO;
				CLANG_ANALYZER_NONNULL = YES;
				CLANG_ANALYZER_NUMBER_OBJECT_CONVERSION = YES_AGGRESSIVE;
				CLANG_CXX_LANGUAGE_STANDARD = "gnu++17";
				CLANG_CXX_LIBRARY = "libc++";
				CLANG_ENABLE_MODULES = YES;
				CLANG_ENABLE_OBJC_ARC = YES;
				CLANG_ENABLE_OBJC_WEAK = YES;
				CLANG_WARN_BLOCK_CAPTURE_AUTORELEASING = YES;
				CLANG_WARN_BOOL_CONVERSION = YES;
				CLANG_WARN_COMMA = YES;
				CLANG_WARN_CONSTANT_CONVERSION = YES;
				CLANG_WARN_DEPRECATED_OBJC_IMPLEMENTATIONS = YES;
				CLANG_WARN_DIRECT_OBJC_ISA_USAGE = YES_ERROR;
				CLANG_WARN_DOCUMENTATION_COMMENTS = YES;
				CLANG_WARN_EMPTY_BODY = YES;
				CLANG_WARN_ENUM_CONVERSION = YES;
				CLANG_WARN_INFINITE_RECURSION = YES;
				CLANG_WARN_INT_CONVERSION = YES;
				CLANG_WARN_NON_LITERAL_NULL_CONVERSION = YES;
				CLANG_WARN_OBJC_IMPLICIT_RETAIN_SELF = YES;
				CLANG_WARN_OBJC_LITERAL_CONVERSION = YES;
				CLANG_WARN_OBJC_ROOT_CLASS = YES_ERROR;
				CLANG_WARN_QUOTED_INCLUDE_IN_FRAMEWORK_HEADER = YES;
				CLANG_WARN_RANGE_LOOP_ANALYSIS = YES;
				CLANG_WARN_STRICT_PROTOTYPES = YES;
				CLANG_WARN_SUSPICIOUS_MOVE = YES;
				CLANG_WARN_UNGUARDED_AVAILABILITY = YES_AGGRESSIVE;
				CLANG_WARN_UNREACHABLE_CODE = YES;
				CLANG_WARN__DUPLICATE_METHOD_MATCH = YES;
				COPY_PHASE_STRIP = NO;
				DEBUG_INFORMATION_FORMAT = "dwarf-with-dsym";
				ENABLE_NS_ASSERTIONS = NO;
				ENABLE_STRICT_OBJC_MSGSEND = YES;
				GCC_C_LANGUAGE_STANDARD = gnu11;
				GCC_NO_COMMON_BLOCKS = YES;
				GCC_WARN_64_TO_32_BIT_CONVERSION = YES;
				GCC_WARN_ABOUT_RETURN_TYPE = YES_ERROR;
				GCC_WARN_UNDECLARED_SELECTOR = YES;
				GCC_WARN_UNINITIALIZED_AUTOS = YES_AGGRESSIVE;
				GCC_WARN_UNUSED_FUNCTION = YES;
				GCC_WARN_UNUSED_VARIABLE = YES;
				IPHONEOS_DEPLOYMENT_TARGET = 15.2;
				MTL_ENABLE_DEBUG_INFO = NO;
				MTL_FAST_MATH = YES;
				SDKROOT = iphoneos;
				SWIFT_COMPILATION_MODE = wholemodule;
				SWIFT_OPTIMIZATION_LEVEL = "-O";
				VALIDATE_PRODUCT = YES;
			};
			name = Release;
		};
		C7EEAD8D27BEEC3F007A7E50 /* Debug */ = {
			isa = XCBuildConfiguration;
			buildSettings = {
				ASSETCATALOG_COMPILER_APPICON_NAME = AppIcon;
				ASSETCATALOG_COMPILER_GLOBAL_ACCENT_COLOR_NAME = AccentColor;
				CODE_SIGN_STYLE = Automatic;
				CURRENT_PROJECT_VERSION = 1;
				DEVELOPMENT_TEAM = HZY75PTK9Z;
				GENERATE_INFOPLIST_FILE = YES;
				INFOPLIST_FILE = Musicle/Info.plist;
				INFOPLIST_KEY_UIApplicationSupportsIndirectInputEvents = YES;
				INFOPLIST_KEY_UILaunchStoryboardName = LaunchScreen;
				INFOPLIST_KEY_UIMainStoryboardFile = Main;
				INFOPLIST_KEY_UISupportedInterfaceOrientations_iPad = "UIInterfaceOrientationPortrait UIInterfaceOrientationPortraitUpsideDown UIInterfaceOrientationLandscapeLeft UIInterfaceOrientationLandscapeRight";
				INFOPLIST_KEY_UISupportedInterfaceOrientations_iPhone = "UIInterfaceOrientationPortrait UIInterfaceOrientationLandscapeLeft UIInterfaceOrientationLandscapeRight";
				IPHONEOS_DEPLOYMENT_TARGET = 13.0;
				LD_RUNPATH_SEARCH_PATHS = (
					"$(inherited)",
					"@executable_path/Frameworks",
				);
				MARKETING_VERSION = 1.0;
				PRODUCT_BUNDLE_IDENTIFIER = com.Viren.Musicle;
				PRODUCT_NAME = "$(TARGET_NAME)";
				SWIFT_EMIT_LOC_STRINGS = YES;
				SWIFT_VERSION = 5.0;
				TARGETED_DEVICE_FAMILY = "1,2";
			};
			name = Debug;
		};
		C7EEAD8E27BEEC3F007A7E50 /* Release */ = {
			isa = XCBuildConfiguration;
			buildSettings = {
				ASSETCATALOG_COMPILER_APPICON_NAME = AppIcon;
				ASSETCATALOG_COMPILER_GLOBAL_ACCENT_COLOR_NAME = AccentColor;
				CODE_SIGN_STYLE = Automatic;
				CURRENT_PROJECT_VERSION = 1;
				DEVELOPMENT_TEAM = HZY75PTK9Z;
				GENERATE_INFOPLIST_FILE = YES;
				INFOPLIST_FILE = Musicle/Info.plist;
				INFOPLIST_KEY_UIApplicationSupportsIndirectInputEvents = YES;
				INFOPLIST_KEY_UILaunchStoryboardName = LaunchScreen;
				INFOPLIST_KEY_UIMainStoryboardFile = Main;
				INFOPLIST_KEY_UISupportedInterfaceOrientations_iPad = "UIInterfaceOrientationPortrait UIInterfaceOrientationPortraitUpsideDown UIInterfaceOrientationLandscapeLeft UIInterfaceOrientationLandscapeRight";
				INFOPLIST_KEY_UISupportedInterfaceOrientations_iPhone = "UIInterfaceOrientationPortrait UIInterfaceOrientationLandscapeLeft UIInterfaceOrientationLandscapeRight";
				IPHONEOS_DEPLOYMENT_TARGET = 13.0;
				LD_RUNPATH_SEARCH_PATHS = (
					"$(inherited)",
					"@executable_path/Frameworks",
				);
				MARKETING_VERSION = 1.0;
				PRODUCT_BUNDLE_IDENTIFIER = com.Viren.Musicle;
				PRODUCT_NAME = "$(TARGET_NAME)";
				SWIFT_EMIT_LOC_STRINGS = YES;
				SWIFT_VERSION = 5.0;
				TARGETED_DEVICE_FAMILY = "1,2";
			};
			name = Release;
		};
/* End XCBuildConfiguration section */

/* Begin XCConfigurationList section */
		C7EEAD7327BEEC3E007A7E50 /* Build configuration list for PBXProject "Musicle" */ = {
			isa = XCConfigurationList;
			buildConfigurations = (
				C7EEAD8A27BEEC3F007A7E50 /* Debug */,
				C7EEAD8B27BEEC3F007A7E50 /* Release */,
			);
			defaultConfigurationIsVisible = 0;
			defaultConfigurationName = Release;
		};
		C7EEAD8C27BEEC3F007A7E50 /* Build configuration list for PBXNativeTarget "Musicle" */ = {
			isa = XCConfigurationList;
			buildConfigurations = (
				C7EEAD8D27BEEC3F007A7E50 /* Debug */,
				C7EEAD8E27BEEC3F007A7E50 /* Release */,
			);
			defaultConfigurationIsVisible = 0;
			defaultConfigurationName = Release;
		};
/* End XCConfigurationList section */

/* Begin XCRemoteSwiftPackageReference section */
		C74D890427BEEF5A0078690E /* XCRemoteSwiftPackageReference "firebase-ios-sdk" */ = {
			isa = XCRemoteSwiftPackageReference;
			repositoryURL = "https://github.com/firebase/firebase-ios-sdk";
			requirement = {
				kind = upToNextMajorVersion;
				minimumVersion = 8.0.0;
			};
		};
/* End XCRemoteSwiftPackageReference section */

/* Begin XCSwiftPackageProductDependency section */
		F28DE4B227CEE5D800B15225 /* FirebaseFirestore */ = {
			isa = XCSwiftPackageProductDependency;
			package = C74D890427BEEF5A0078690E /* XCRemoteSwiftPackageReference "firebase-ios-sdk" */;
			productName = FirebaseFirestore;
		};
		F28DE4B427CEE5DF00B15225 /* FirebaseAnalytics */ = {
			isa = XCSwiftPackageProductDependency;
			package = C74D890427BEEF5A0078690E /* XCRemoteSwiftPackageReference "firebase-ios-sdk" */;
			productName = FirebaseAnalytics;
		};
/* End XCSwiftPackageProductDependency section */
	};
	rootObject = C7EEAD7027BEEC3E007A7E50 /* Project object */;
}
